
Microsoft Visual Studio Solution File, Format Version 12.00
# Visual Studio 2013
VisualStudioVersion = 12.0.30723.0
MinimumVisualStudioVersion = 10.0.40219.1
Project("{F2A71F9B-5D33-465A-A702-920D77279786}") = "Ferop", "src\Ferop\Ferop.fsproj", "{90A45EB2-1122-4BFF-A921-04D926400AC0}"
EndProject
Project("{F2A71F9B-5D33-465A-A702-920D77279786}") = "Ferop.TypeProvider", "src\Ferop.TypeProvider\Ferop.TypeProvider.fsproj", "{3A8A68FE-9195-44E3-84FE-2267EB59DDA5}"
EndProject
Project("{F2A71F9B-5D33-465A-A702-920D77279786}") = "Ferop.C", "src\Ferop.C\Ferop.C.fsproj", "{C60674AF-73FA-42A5-9B11-0A1FA7DC1327}"
EndProject
Project("{F2A71F9B-5D33-465A-A702-920D77279786}") = "Ferop.Sample.Native", "src\Ferop.Sample.Native\Ferop.Sample.Native.fsproj", "{2858E0A3-A638-45DA-9174-C98F0A422993}"
EndProject
Project("{F2A71F9B-5D33-465A-A702-920D77279786}") = "Ferop.Sample", "src\Ferop.Sample\Ferop.Sample.fsproj", "{24CEAB4B-C244-49D6-9DA6-958795993A67}"
EndProject
Global
	GlobalSection(SolutionConfigurationPlatforms) = preSolution
		Debug|x64 = Debug|x64
		Debug|x86 = Debug|x86
		Release|x64 = Release|x64
		Release|x86 = Release|x86
	EndGlobalSection
	GlobalSection(ProjectConfigurationPlatforms) = postSolution
		{90A45EB2-1122-4BFF-A921-04D926400AC0}.Debug|x64.ActiveCfg = Debug|Any CPU
		{90A45EB2-1122-4BFF-A921-04D926400AC0}.Debug|x86.ActiveCfg = Debug|Any CPU
		{90A45EB2-1122-4BFF-A921-04D926400AC0}.Debug|x86.Build.0 = Debug|Any CPU
		{90A45EB2-1122-4BFF-A921-04D926400AC0}.Release|x64.ActiveCfg = Release|Any CPU
		{90A45EB2-1122-4BFF-A921-04D926400AC0}.Release|x86.ActiveCfg = Release|Any CPU
		{3A8A68FE-9195-44E3-84FE-2267EB59DDA5}.Debug|x64.ActiveCfg = Debug|Any CPU
		{3A8A68FE-9195-44E3-84FE-2267EB59DDA5}.Debug|x86.ActiveCfg = Debug|Any CPU
		{3A8A68FE-9195-44E3-84FE-2267EB59DDA5}.Debug|x86.Build.0 = Debug|Any CPU
		{3A8A68FE-9195-44E3-84FE-2267EB59DDA5}.Release|x64.ActiveCfg = Release|Any CPU
		{3A8A68FE-9195-44E3-84FE-2267EB59DDA5}.Release|x86.ActiveCfg = Release|Any CPU
		{C60674AF-73FA-42A5-9B11-0A1FA7DC1327}.Debug|x64.ActiveCfg = Debug|Any CPU
		{C60674AF-73FA-42A5-9B11-0A1FA7DC1327}.Debug|x86.ActiveCfg = Debug|Any CPU
		{C60674AF-73FA-42A5-9B11-0A1FA7DC1327}.Debug|x86.Build.0 = Debug|Any CPU
		{C60674AF-73FA-42A5-9B11-0A1FA7DC1327}.Release|x64.ActiveCfg = Release|Any CPU
		{C60674AF-73FA-42A5-9B11-0A1FA7DC1327}.Release|x86.ActiveCfg = Release|Any CPU
		{2858E0A3-A638-45DA-9174-C98F0A422993}.Debug|x64.ActiveCfg = Debug|Any CPU
		{2858E0A3-A638-45DA-9174-C98F0A422993}.Debug|x86.ActiveCfg = Debug|Any CPU
		{2858E0A3-A638-45DA-9174-C98F0A422993}.Debug|x86.Build.0 = Debug|Any CPU
		{2858E0A3-A638-45DA-9174-C98F0A422993}.Release|x64.ActiveCfg = Release|x64
		{2858E0A3-A638-45DA-9174-C98F0A422993}.Release|x64.Build.0 = Release|x64
		{2858E0A3-A638-45DA-9174-C98F0A422993}.Release|x86.ActiveCfg = Release|x86
		{2858E0A3-A638-45DA-9174-C98F0A422993}.Release|x86.Build.0 = Release|x86
		{24CEAB4B-C244-49D6-9DA6-958795993A67}.Debug|x64.ActiveCfg = Debug|x64
		{24CEAB4B-C244-49D6-9DA6-958795993A67}.Debug|x64.Build.0 = Debug|x64
		{24CEAB4B-C244-49D6-9DA6-958795993A67}.Debug|x86.ActiveCfg = Debug|x86
		{24CEAB4B-C244-49D6-9DA6-958795993A67}.Debug|x86.Build.0 = Debug|x86
		{24CEAB4B-C244-49D6-9DA6-958795993A67}.Release|x64.ActiveCfg = Release|x64
		{24CEAB4B-C244-49D6-9DA6-958795993A67}.Release|x64.Build.0 = Release|x64
		{24CEAB4B-C244-49D6-9DA6-958795993A67}.Release|x86.ActiveCfg = Release|x86
		{24CEAB4B-C244-49D6-9DA6-958795993A67}.Release|x86.Build.0 = Release|x86
	EndGlobalSection
	GlobalSection(SolutionProperties) = preSolution
		HideSolutionNode = FALSE
	EndGlobalSection
	GlobalSection(MonoDevelopProperties) = preSolution
		StartupItem = src\Ferop.Sample\Ferop.Sample.fsproj
	EndGlobalSection
EndGlobal
