
Microsoft Visual Studio Solution File, Format Version 12.00
# Visual Studio 2013
VisualStudioVersion = 12.0.30723.0
MinimumVisualStudioVersion = 10.0.40219.1
Project("{F2A71F9B-5D33-465A-A702-920D77279786}") = "Ferop", "src\Ferop\Ferop.fsproj", "{90A45EB2-1122-4BFF-A921-04D926400AC0}"
EndProject
Project("{2150E333-8FDC-42A3-9474-1A3956D46DE8}") = "Tests", "Tests", "{7249F228-579F-4214-A2FC-AFF15C482CE5}"
EndProject
Project("{F2A71F9B-5D33-465A-A702-920D77279786}") = "Ferop.Tests", "src\Ferop.Tests\Ferop.Tests.fsproj", "{6AFEE669-397C-4339-8146-1FDC54D1FA6E}"
EndProject
Project("{F2A71F9B-5D33-465A-A702-920D77279786}") = "Ferop.Tests.Native", "src\Ferop.Tests.Native\Ferop.Tests.Native.fsproj", "{6678562D-A620-48F4-A3E3-06FAE7FB50B1}"
EndProject
Project("{F2A71F9B-5D33-465A-A702-920D77279786}") = "Ferop.TypeProvider", "src\Ferop.TypeProvider\Ferop.TypeProvider.fsproj", "{3A8A68FE-9195-44E3-84FE-2267EB59DDA5}"
EndProject
Global
	GlobalSection(SolutionConfigurationPlatforms) = preSolution
		Debug|Any CPU = Debug|Any CPU
		Release|Any CPU = Release|Any CPU
	EndGlobalSection
	GlobalSection(ProjectConfigurationPlatforms) = postSolution
		{90A45EB2-1122-4BFF-A921-04D926400AC0}.Debug|Any CPU.ActiveCfg = Debug|Any CPU
		{90A45EB2-1122-4BFF-A921-04D926400AC0}.Release|Any CPU.ActiveCfg = Release|Any CPU
		{6AFEE669-397C-4339-8146-1FDC54D1FA6E}.Debug|Any CPU.ActiveCfg = Debug|Any CPU
		{6AFEE669-397C-4339-8146-1FDC54D1FA6E}.Debug|Any CPU.Build.0 = Debug|Any CPU
		{6AFEE669-397C-4339-8146-1FDC54D1FA6E}.Release|Any CPU.ActiveCfg = Release|Any CPU
		{6AFEE669-397C-4339-8146-1FDC54D1FA6E}.Release|Any CPU.Build.0 = Release|Any CPU
		{6678562D-A620-48F4-A3E3-06FAE7FB50B1}.Debug|Any CPU.ActiveCfg = Debug|Any CPU
		{6678562D-A620-48F4-A3E3-06FAE7FB50B1}.Debug|Any CPU.Build.0 = Debug|Any CPU
		{6678562D-A620-48F4-A3E3-06FAE7FB50B1}.Release|Any CPU.ActiveCfg = Release|Any CPU
		{6678562D-A620-48F4-A3E3-06FAE7FB50B1}.Release|Any CPU.Build.0 = Release|Any CPU
		{3A8A68FE-9195-44E3-84FE-2267EB59DDA5}.Debug|Any CPU.ActiveCfg = Debug|Any CPU
		{3A8A68FE-9195-44E3-84FE-2267EB59DDA5}.Release|Any CPU.ActiveCfg = Release|Any CPU
	EndGlobalSection
	GlobalSection(SolutionProperties) = preSolution
		HideSolutionNode = FALSE
	EndGlobalSection
	GlobalSection(NestedProjects) = preSolution
		{6AFEE669-397C-4339-8146-1FDC54D1FA6E} = {7249F228-579F-4214-A2FC-AFF15C482CE5}
		{6678562D-A620-48F4-A3E3-06FAE7FB50B1} = {7249F228-579F-4214-A2FC-AFF15C482CE5}
	EndGlobalSection
	GlobalSection(MonoDevelopProperties) = preSolution
		StartupItem = src\Ferop\Ferop.fsproj
	EndGlobalSection
EndGlobal
